
Microsoft Visual Studio Solution File, Format Version 12.00
# Visual Studio Version 17
VisualStudioVersion = 17.8.34309.116
MinimumVisualStudioVersion = 10.0.40219.1
Project("{FAE04EC0-301F-11D3-BF4B-00C04F79EFBC}") = "Vectores", "Vectores\Vectores.csproj", "{09845361-E535-4602-822B-0B0F9053D983}"
EndProject
Global
	GlobalSection(SolutionConfigurationPlatforms) = preSolution
		Debug|Any CPU = Debug|Any CPU
		Release|Any CPU = Release|Any CPU
	EndGlobalSection
	GlobalSection(ProjectConfigurationPlatforms) = postSolution
		{09845361-E535-4602-822B-0B0F9053D983}.Debug|Any CPU.ActiveCfg = Debug|Any CPU
		{09845361-E535-4602-822B-0B0F9053D983}.Debug|Any CPU.Build.0 = Debug|Any CPU
		{09845361-E535-4602-822B-0B0F9053D983}.Release|Any CPU.ActiveCfg = Release|Any CPU
		{09845361-E535-4602-822B-0B0F9053D983}.Release|Any CPU.Build.0 = Release|Any CPU
	EndGlobalSection
	GlobalSection(SolutionProperties) = preSolution
		HideSolutionNode = FALSE
	EndGlobalSection
	GlobalSection(ExtensibilityGlobals) = postSolution
		SolutionGuid = {832688E7-862C-4818-B2AE-7BBE23942AE6}
	EndGlobalSection
EndGlobal
